{
  "requires": true,
  "lockfileVersion": 1,
  "dependencies": {
    "ccxt": {
      "version": "1.18.804",
      "resolved": "https://registry.npmjs.org/ccxt/-/ccxt-1.18.804.tgz",
      "integrity": "sha512-/J1KctfPWnPH/d/1lJnWPkT0i9TuGcNv8yhUW41+tN+WJqqpfhYCZGFxPXBxV6qen/XNXFr4q3jV+jJq8ZRkcA=="
    }
  }
}
